
Microsoft Visual Studio Solution File, Format Version 12.00
# Visual Studio 2012
Project("{FAE04EC0-301F-11D3-BF4B-00C04F79EFBC}") = "p7_prefija", "p7_prefija\p7_prefija.csproj", "{D1697DA8-2609-4221-9523-43CC344B4684}"
EndProject
Project("{FAE04EC0-301F-11D3-BF4B-00C04F79EFBC}") = "BibliotecaPrefija", "BibliotecaPrefija\BibliotecaPrefija.csproj", "{CE7688A9-E6BF-4D1C-9415-660B7D1BD662}"
EndProject
Global
	GlobalSection(SolutionConfigurationPlatforms) = preSolution
		Debug|Any CPU = Debug|Any CPU
		Release|Any CPU = Release|Any CPU
	EndGlobalSection
	GlobalSection(ProjectConfigurationPlatforms) = postSolution
		{D1697DA8-2609-4221-9523-43CC344B4684}.Debug|Any CPU.ActiveCfg = Debug|Any CPU
		{D1697DA8-2609-4221-9523-43CC344B4684}.Debug|Any CPU.Build.0 = Debug|Any CPU
		{D1697DA8-2609-4221-9523-43CC344B4684}.Release|Any CPU.ActiveCfg = Release|Any CPU
		{D1697DA8-2609-4221-9523-43CC344B4684}.Release|Any CPU.Build.0 = Release|Any CPU
		{CE7688A9-E6BF-4D1C-9415-660B7D1BD662}.Debug|Any CPU.ActiveCfg = Debug|Any CPU
		{CE7688A9-E6BF-4D1C-9415-660B7D1BD662}.Debug|Any CPU.Build.0 = Debug|Any CPU
		{CE7688A9-E6BF-4D1C-9415-660B7D1BD662}.Release|Any CPU.ActiveCfg = Release|Any CPU
		{CE7688A9-E6BF-4D1C-9415-660B7D1BD662}.Release|Any CPU.Build.0 = Release|Any CPU
	EndGlobalSection
	GlobalSection(SolutionProperties) = preSolution
		HideSolutionNode = FALSE
	EndGlobalSection
EndGlobal
